# @generated by Move, please check-in and do not edit manually.

[move]
version = 0
manifest_digest = "508D789B7149DFFD18FAFF1645CAABDC9640CEC3E5A69FC1C21DE5CADFD798A0"
deps_digest = "060AD7E57DFB13104F21BE5F5C3759D03F0553FC3229247D9A7A6B45F50D03A3"

dependencies = [
  { name = "Kiosk" },
  { name = "MoveStdlib" },
  { name = "Sui" },
]

[[move.package]]
name = "Kiosk"
source = { git = "https://github.com/MystenLabs/apps.git", rev = "main", subdir = "kiosk" }

dependencies = [
  { name = "Sui" },
]

[[move.package]]
name = "MoveStdlib"
source = { git = "https://github.com/MystenLabs/sui.git", rev = "framework/testnet", subdir = "crates/sui-framework/packages/move-stdlib" }

[[move.package]]
name = "Sui"
source = { git = "https://github.com/MystenLabs/sui.git", rev = "framework/testnet", subdir = "crates/sui-framework/packages/sui-framework" }

dependencies = [
  { name = "MoveStdlib" },
]

[move.toolchain-version]
compiler-version = "1.20.0"
edition = "legacy"
flavor = "sui"
